Microsoft Visual Studio Solution File, Format Version 12.00
# Visual Studio Version 17
VisualStudioVersion = 17.5.2.0
MinimumVisualStudioVersion = 10.0.40219.1
Project("{FAE04EC0-301F-11D3-BF4B-00C04F79EFBC}") = "store-api", "store-api.csproj", "{70B9FDFC-9A6D-0FDA-6264-D977E49F5389}"
EndProject
Global
	GlobalSection(SolutionConfigurationPlatforms) = preSolution
		Debug|Any CPU = Debug|Any CPU
		Release|Any CPU = Release|Any CPU
	EndGlobalSection
	GlobalSection(ProjectConfigurationPlatforms) = postSolution
		{70B9FDFC-9A6D-0FDA-6264-D977E49F5389}.Debug|Any CPU.ActiveCfg = Debug|Any CPU
		{70B9FDFC-9A6D-0FDA-6264-D977E49F5389}.Debug|Any CPU.Build.0 = Debug|Any CPU
		{70B9FDFC-9A6D-0FDA-6264-D977E49F5389}.Release|Any CPU.ActiveCfg = Release|Any CPU
		{70B9FDFC-9A6D-0FDA-6264-D977E49F5389}.Release|Any CPU.Build.0 = Release|Any CPU
	EndGlobalSection
	GlobalSection(SolutionProperties) = preSolution
		HideSolutionNode = FALSE
	EndGlobalSection
	GlobalSection(ExtensibilityGlobals) = postSolution
		SolutionGuid = {228791D9-AD9F-4C50-A177-B835B0DC1FE1}
	EndGlobalSection
EndGlobal
